
Microsoft Visual Studio Solution File, Format Version 12.00
# Visual Studio Version 16
VisualStudioVersion = 25.0.1704.3
MinimumVisualStudioVersion = 10.0.40219.1
Project("{FAE04EC0-301F-11D3-BF4B-00C04F79EFBC}") = "App.Canvas", "App.Canvas.csproj", "{71CA4AD5-B726-4BC4-8A10-53A865A6A9B2}"
EndProject
Project("{FAE04EC0-301F-11D3-BF4B-00C04F79EFBC}") = "Library.Canvas", "..\Library.Canvas\Library.Canvas.csproj", "{852D27F2-D7EF-4141-BC46-F20FAC2730EA}"
EndProject
Project("{FAE04EC0-301F-11D3-BF4B-00C04F79EFBC}") = "Maui.Canvas", "..\Maui.Canvas\Maui.Canvas.csproj", "{0148FC95-7385-45A5-8A4D-C14A5B0E42A2}"
EndProject
Global
	GlobalSection(SolutionConfigurationPlatforms) = preSolution
		Debug|Any CPU = Debug|Any CPU
		Release|Any CPU = Release|Any CPU
	EndGlobalSection
	GlobalSection(ProjectConfigurationPlatforms) = postSolution
		{71CA4AD5-B726-4BC4-8A10-53A865A6A9B2}.Debug|Any CPU.ActiveCfg = Debug|Any CPU
		{71CA4AD5-B726-4BC4-8A10-53A865A6A9B2}.Debug|Any CPU.Build.0 = Debug|Any CPU
		{71CA4AD5-B726-4BC4-8A10-53A865A6A9B2}.Release|Any CPU.ActiveCfg = Release|Any CPU
		{71CA4AD5-B726-4BC4-8A10-53A865A6A9B2}.Release|Any CPU.Build.0 = Release|Any CPU
		{852D27F2-D7EF-4141-BC46-F20FAC2730EA}.Debug|Any CPU.ActiveCfg = Debug|Any CPU
		{852D27F2-D7EF-4141-BC46-F20FAC2730EA}.Debug|Any CPU.Build.0 = Debug|Any CPU
		{852D27F2-D7EF-4141-BC46-F20FAC2730EA}.Release|Any CPU.ActiveCfg = Release|Any CPU
		{852D27F2-D7EF-4141-BC46-F20FAC2730EA}.Release|Any CPU.Build.0 = Release|Any CPU
		{0148FC95-7385-45A5-8A4D-C14A5B0E42A2}.Debug|Any CPU.ActiveCfg = Debug|Any CPU
		{0148FC95-7385-45A5-8A4D-C14A5B0E42A2}.Debug|Any CPU.Build.0 = Debug|Any CPU
		{0148FC95-7385-45A5-8A4D-C14A5B0E42A2}.Release|Any CPU.ActiveCfg = Release|Any CPU
		{0148FC95-7385-45A5-8A4D-C14A5B0E42A2}.Release|Any CPU.Build.0 = Release|Any CPU
	EndGlobalSection
	GlobalSection(SolutionProperties) = preSolution
		HideSolutionNode = FALSE
	EndGlobalSection
	GlobalSection(ExtensibilityGlobals) = postSolution
		SolutionGuid = {9767F1F2-BA8B-4DD3-85CD-4586A007524D}
	EndGlobalSection
EndGlobal
